
Microsoft Visual Studio Solution File, Format Version 12.00
# Visual Studio Express 2012 for Windows Desktop
Project("{FAE04EC0-301F-11D3-BF4B-00C04F79EFBC}") = "MyLatexEditor", "MyLatexEditor\MyLatexEditor.csproj", "{DCB4B9DE-0F93-4E29-A857-CBE89B96AD72}"
EndProject
Global
	GlobalSection(SolutionConfigurationPlatforms) = preSolution
		Debug|Any CPU = Debug|Any CPU
		Release|Any CPU = Release|Any CPU
	EndGlobalSection
	GlobalSection(ProjectConfigurationPlatforms) = postSolution
		{DCB4B9DE-0F93-4E29-A857-CBE89B96AD72}.Debug|Any CPU.ActiveCfg = Debug|Any CPU
		{DCB4B9DE-0F93-4E29-A857-CBE89B96AD72}.Debug|Any CPU.Build.0 = Debug|Any CPU
		{DCB4B9DE-0F93-4E29-A857-CBE89B96AD72}.Release|Any CPU.ActiveCfg = Release|Any CPU
		{DCB4B9DE-0F93-4E29-A857-CBE89B96AD72}.Release|Any CPU.Build.0 = Release|Any CPU
	EndGlobalSection
	GlobalSection(SolutionProperties) = preSolution
		HideSolutionNode = FALSE
	EndGlobalSection
EndGlobal
